{
  "name": "component",
  "version": "1.2.2",
  "lockfileVersion": 1,
  "requires": true,
  "dependencies": {
    "@component/package-1": {
      "version": "1.2.0",
      "resolved": "http://localhost:4873/@component%2fpackage-1/-/package-1-1.2.0.tgz",
      "integrity": "sha512-tK5rVtuTI6Jcl3X0fXSGXZuqZLJVrW5MlPSViiZZffX6lmN8XVDslSTUhAOdU/EAUTvIMtz9gxyLE3NmTFO9Yw=="
    }
  }
}
